
Microsoft Visual Studio Solution File, Format Version 12.00
# Visual Studio Version 16
VisualStudioVersion = 16.0.30907.101
MinimumVisualStudioVersion = 10.0.40219.1
Project("{FAE04EC0-301F-11D3-BF4B-00C04F79EFBC}") = "DistinctTest", "DistinctTest\DistinctTest.csproj", "{5ECF956F-CE66-4367-92A3-98E49B696BE2}"
EndProject
Global
	GlobalSection(SolutionConfigurationPlatforms) = preSolution
		Debug|Any CPU = Debug|Any CPU
		Release|Any CPU = Release|Any CPU
	EndGlobalSection
	GlobalSection(ProjectConfigurationPlatforms) = postSolution
		{5ECF956F-CE66-4367-92A3-98E49B696BE2}.Debug|Any CPU.ActiveCfg = Debug|Any CPU
		{5ECF956F-CE66-4367-92A3-98E49B696BE2}.Debug|Any CPU.Build.0 = Debug|Any CPU
		{5ECF956F-CE66-4367-92A3-98E49B696BE2}.Release|Any CPU.ActiveCfg = Release|Any CPU
		{5ECF956F-CE66-4367-92A3-98E49B696BE2}.Release|Any CPU.Build.0 = Release|Any CPU
	EndGlobalSection
	GlobalSection(SolutionProperties) = preSolution
		HideSolutionNode = FALSE
	EndGlobalSection
	GlobalSection(ExtensibilityGlobals) = postSolution
		SolutionGuid = {8D7FE254-1FB3-4FE0-8763-19B3FAADC4F2}
	EndGlobalSection
EndGlobal
